// !$*UTF8*$!
{
	archiveVersion = 1;
	classes = {
	};
	objectVersion = 56;
	objects = {

/* Begin PBXBuildFile section */
		A04D79902A647E8400D9C447 /* challenge_12App.swift in Sources */ = {isa = PBXBuildFile; fileRef = A04D798F2A647E8400D9C447 /* challenge_12App.swift */; };
		A04D79922A647E8400D9C447 /* ContentView.swift in Sources */ = {isa = PBXBuildFile; fileRef = A04D79912A647E8400D9C447 /* ContentView.swift */; };
		A04D79942A647E8700D9C447 /* Assets.xcassets in Resources */ = {isa = PBXBuildFile; fileRef = A04D79932A647E8700D9C447 /* Assets.xcassets */; };
		A04D79972A647E8700D9C447 /* Preview Assets.xcassets in Resources */ = {isa = PBXBuildFile; fileRef = A04D79962A647E8700D9C447 /* Preview Assets.xcassets */; };
		A04D79A32A647F3D00D9C447 /* Recipe.swift in Sources */ = {isa = PBXBuildFile; fileRef = A04D79A22A647F3D00D9C447 /* Recipe.swift */; };
		A04D79A62A647F5A00D9C447 /* RecipeModel.swift in Sources */ = {isa = PBXBuildFile; fileRef = A04D79A52A647F5A00D9C447 /* RecipeModel.swift */; };
		A0ABB8DD2A6ABCAF007E8B31 /* pizzaRecipe.swift in Sources */ = {isa = PBXBuildFile; fileRef = A0ABB8DC2A6ABCAF007E8B31 /* pizzaRecipe.swift */; };
		A0E114652A66FCA30029E360 /* data.json in Resources */ = {isa = PBXBuildFile; fileRef = A04D799F2A647EFC00D9C447 /* data.json */; };
/* End PBXBuildFile section */

/* Begin PBXFileReference section */
		A04D798C2A647E8400D9C447 /* challenge 12.app */ = {isa = PBXFileReference; explicitFileType = wrapper.application; includeInIndex = 0; path = "challenge 12.app"; sourceTree = BUILT_PRODUCTS_DIR; };
		A04D798F2A647E8400D9C447 /* challenge_12App.swift */ = {isa = PBXFileReference; lastKnownFileType = sourcecode.swift; path = challenge_12App.swift; sourceTree = "<group>"; };
		A04D79912A647E8400D9C447 /* ContentView.swift */ = {isa = PBXFileReference; lastKnownFileType = sourcecode.swift; path = ContentView.swift; sourceTree = "<group>"; };
		A04D79932A647E8700D9C447 /* Assets.xcassets */ = {isa = PBXFileReference; lastKnownFileType = folder.assetcatalog; path = Assets.xcassets; sourceTree = "<group>"; };
		A04D79962A647E8700D9C447 /* Preview Assets.xcassets */ = {isa = PBXFileReference; lastKnownFileType = folder.assetcatalog; path = "Preview Assets.xcassets"; sourceTree = "<group>"; };
		A04D799F2A647EFC00D9C447 /* data.json */ = {isa = PBXFileReference; lastKnownFileType = text.json; path = data.json; sourceTree = "<group>"; };
		A04D79A22A647F3D00D9C447 /* Recipe.swift */ = {isa = PBXFileReference; lastKnownFileType = sourcecode.swift; path = Recipe.swift; sourceTree = "<group>"; };
		A04D79A52A647F5A00D9C447 /* RecipeModel.swift */ = {isa = PBXFileReference; lastKnownFileType = sourcecode.swift; path = RecipeModel.swift; sourceTree = "<group>"; };
		A0ABB8DC2A6ABCAF007E8B31 /* pizzaRecipe.swift */ = {isa = PBXFileReference; lastKnownFileType = sourcecode.swift; path = pizzaRecipe.swift; sourceTree = "<group>"; };
/* End PBXFileReference section */

/* Begin PBXFrameworksBuildPhase section */
		A04D79892A647E8400D9C447 /* Frameworks */ = {
			isa = PBXFrameworksBuildPhase;
			buildActionMask = 2147483647;
			files = (
			);
			runOnlyForDeploymentPostprocessing = 0;
		};
/* End PBXFrameworksBuildPhase section */

/* Begin PBXGroup section */
		A04D79832A647E8400D9C447 = {
			isa = PBXGroup;
			children = (
				A04D798E2A647E8400D9C447 /* challenge 12 */,
				A04D798D2A647E8400D9C447 /* Products */,
			);
			sourceTree = "<group>";
		};
		A04D798D2A647E8400D9C447 /* Products */ = {
			isa = PBXGroup;
			children = (
				A04D798C2A647E8400D9C447 /* challenge 12.app */,
			);
			name = Products;
			sourceTree = "<group>";
		};
		A04D798E2A647E8400D9C447 /* challenge 12 */ = {
			isa = PBXGroup;
			children = (
				A04D79A72A647F6100D9C447 /* Data */,
				A04D79A42A647F4400D9C447 /* ModelView */,
				A04D79A12A647F2500D9C447 /* Model */,
				A04D79A02A647F1A00D9C447 /* Views */,
				A04D798F2A647E8400D9C447 /* challenge_12App.swift */,
				A04D79932A647E8700D9C447 /* Assets.xcassets */,
				A04D79952A647E8700D9C447 /* Preview Content */,
			);
			path = "challenge 12";
			sourceTree = "<group>";
		};
		A04D79952A647E8700D9C447 /* Preview Content */ = {
			isa = PBXGroup;
			children = (
				A04D79962A647E8700D9C447 /* Preview Assets.xcassets */,
			);
			path = "Preview Content";
			sourceTree = "<group>";
		};
		A04D79A02A647F1A00D9C447 /* Views */ = {
			isa = PBXGroup;
			children = (
				A04D79912A647E8400D9C447 /* ContentView.swift */,
				A0ABB8DC2A6ABCAF007E8B31 /* pizzaRecipe.swift */,
			);
			path = Views;
			sourceTree = "<group>";
		};
		A04D79A12A647F2500D9C447 /* Model */ = {
			isa = PBXGroup;
			children = (
				A04D79A22A647F3D00D9C447 /* Recipe.swift */,
			);
			path = Model;
			sourceTree = "<group>";
		};
		A04D79A42A647F4400D9C447 /* ModelView */ = {
			isa = PBXGroup;
			children = (
				A04D79A52A647F5A00D9C447 /* RecipeModel.swift */,
			);
			path = ModelView;
			sourceTree = "<group>";
		};
		A04D79A72A647F6100D9C447 /* Data */ = {
			isa = PBXGroup;
			children = (
				A04D799F2A647EFC00D9C447 /* data.json */,
			);
			path = Data;
			sourceTree = "<group>";
		};
/* End PBXGroup section */

/* Begin PBXNativeTarget section */
		A04D798B2A647E8400D9C447 /* challenge 12 */ = {
			isa = PBXNativeTarget;
			buildConfigurationList = A04D799A2A647E8700D9C447 /* Build configuration list for PBXNativeTarget "challenge 12" */;
			buildPhases = (
				A04D79882A647E8400D9C447 /* Sources */,
				A04D79892A647E8400D9C447 /* Frameworks */,
				A04D798A2A647E8400D9C447 /* Resources */,
			);
			buildRules = (
			);
			dependencies = (
			);
			name = "challenge 12";
			productName = "challenge 12";
			productReference = A04D798C2A647E8400D9C447 /* challenge 12.app */;
			productType = "com.apple.product-type.application";
		};
/* End PBXNativeTarget section */

/* Begin PBXProject section */
		A04D79842A647E8400D9C447 /* Project object */ = {
			isa = PBXProject;
			attributes = {
				BuildIndependentTargetsInParallel = 1;
				LastSwiftUpdateCheck = 1430;
				LastUpgradeCheck = 1430;
				TargetAttributes = {
					A04D798B2A647E8400D9C447 = {
						CreatedOnToolsVersion = 14.3.1;
					};
				};
			};
			buildConfigurationList = A04D79872A647E8400D9C447 /* Build configuration list for PBXProject "challenge 12" */;
			compatibilityVersion = "Xcode 14.0";
			developmentRegion = en;
			hasScannedForEncodings = 0;
			knownRegions = (
				en,
				Base,
			);
			mainGroup = A04D79832A647E8400D9C447;
			productRefGroup = A04D798D2A647E8400D9C447 /* Products */;
			projectDirPath = "";
			projectRoot = "";
			targets = (
				A04D798B2A647E8400D9C447 /* challenge 12 */,
			);
		};
/* End PBXProject section */

/* Begin PBXResourcesBuildPhase section */
		A04D798A2A647E8400D9C447 /* Resources */ = {
			isa = PBXResourcesBuildPhase;
			buildActionMask = 2147483647;
			files = (
				A04D79972A647E8700D9C447 /* Preview Assets.xcassets in Resources */,
				A0E114652A66FCA30029E360 /* data.json in Resources */,
				A04D79942A647E8700D9C447 /* Assets.xcassets in Resources */,
			);
			runOnlyForDeploymentPostprocessing = 0;
		};
/* End PBXResourcesBuildPhase section */

/* Begin PBXSourcesBuildPhase section */
		A04D79882A647E8400D9C447 /* Sources */ = {
			isa = PBXSourcesBuildPhase;
			buildActionMask = 2147483647;
			files = (
				A04D79A32A647F3D00D9C447 /* Recipe.swift in Sources */,
				A04D79A62A647F5A00D9C447 /* RecipeModel.swift in Sources */,
				A0ABB8DD2A6ABCAF007E8B31 /* pizzaRecipe.swift in Sources */,
				A04D79922A647E8400D9C447 /* ContentView.swift in Sources */,
				A04D79902A647E8400D9C447 /* challenge_12App.swift in Sources */,
			);
			runOnlyForDeploymentPostprocessing = 0;
		};
/* End PBXSourcesBuildPhase section */

/* Begin XCBuildConfiguration section */
		A04D79982A647E8700D9C447 /* Debug */ = {
			isa = XCBuildConfiguration;
			buildSettings = {
				ALWAYS_SEARCH_USER_PATHS = NO;
				CLANG_ANALYZER_NONNULL = YES;
				CLANG_ANALYZER_NUMBER_OBJECT_CONVERSION = YES_AGGRESSIVE;
				CLANG_CXX_LANGUAGE_STANDARD = "gnu++20";
				CLANG_ENABLE_MODULES = YES;
				CLANG_ENABLE_OBJC_ARC = YES;
				CLANG_ENABLE_OBJC_WEAK = YES;
				CLANG_WARN_BLOCK_CAPTURE_AUTORELEASING = YES;
				CLANG_WARN_BOOL_CONVERSION = YES;
				CLANG_WARN_COMMA = YES;
				CLANG_WARN_CONSTANT_CONVERSION = YES;
				CLANG_WARN_DEPRECATED_OBJC_IMPLEMENTATIONS = YES;
				CLANG_WARN_DIRECT_OBJC_ISA_USAGE = YES_ERROR;
				CLANG_WARN_DOCUMENTATION_COMMENTS = YES;
				CLANG_WARN_EMPTY_BODY = YES;
				CLANG_WARN_ENUM_CONVERSION = YES;
				CLANG_WARN_INFINITE_RECURSION = YES;
				CLANG_WARN_INT_CONVERSION = YES;
				CLANG_WARN_NON_LITERAL_NULL_CONVERSION = YES;
				CLANG_WARN_OBJC_IMPLICIT_RETAIN_SELF = YES;
				CLANG_WARN_OBJC_LITERAL_CONVERSION = YES;
				CLANG_WARN_OBJC_ROOT_CLASS = YES_ERROR;
				CLANG_WARN_QUOTED_INCLUDE_IN_FRAMEWORK_HEADER = YES;
				CLANG_WARN_RANGE_LOOP_ANALYSIS = YES;
				CLANG_WARN_STRICT_PROTOTYPES = YES;
				CLANG_WARN_SUSPICIOUS_MOVE = YES;
				CLANG_WARN_UNGUARDED_AVAILABILITY = YES_AGGRESSIVE;
				CLANG_WARN_UNREACHABLE_CODE = YES;
				CLANG_WARN__DUPLICATE_METHOD_MATCH = YES;
				COPY_PHASE_STRIP = NO;
				DEBUG_INFORMATION_FORMAT = dwarf;
				ENABLE_STRICT_OBJC_MSGSEND = YES;
				ENABLE_TESTABILITY = YES;
				GCC_C_LANGUAGE_STANDARD = gnu11;
				GCC_DYNAMIC_NO_PIC = NO;
				GCC_NO_COMMON_BLOCKS = YES;
				GCC_OPTIMIZATION_LEVEL = 0;
				GCC_PREPROCESSOR_DEFINITIONS = (
					"DEBUG=1",
					"$(inherited)",
				);
				GCC_WARN_64_TO_32_BIT_CONVERSION = YES;
				GCC_WARN_ABOUT_RETURN_TYPE = YES_ERROR;
				GCC_WARN_UNDECLARED_SELECTOR = YES;
				GCC_WARN_UNINITIALIZED_AUTOS = YES_AGGRESSIVE;
				GCC_WARN_UNUSED_FUNCTION = YES;
				GCC_WARN_UNUSED_VARIABLE = YES;
				IPHONEOS_DEPLOYMENT_TARGET = 16.4;
				MTL_ENABLE_DEBUG_INFO = INCLUDE_SOURCE;
				MTL_FAST_MATH = YES;
				ONLY_ACTIVE_ARCH = YES;
				SDKROOT = iphoneos;
				SWIFT_ACTIVE_COMPILATION_CONDITIONS = DEBUG;
				SWIFT_OPTIMIZATION_LEVEL = "-Onone";
			};
			name = Debug;
		};
		A04D79992A647E8700D9C447 /* Release */ = {
			isa = XCBuildConfiguration;
			buildSettings = {
				ALWAYS_SEARCH_USER_PATHS = NO;
				CLANG_ANALYZER_NONNULL = YES;
				CLANG_ANALYZER_NUMBER_OBJECT_CONVERSION = YES_AGGRESSIVE;
				CLANG_CXX_LANGUAGE_STANDARD = "gnu++20";
				CLANG_ENABLE_MODULES = YES;
				CLANG_ENABLE_OBJC_ARC = YES;
				CLANG_ENABLE_OBJC_WEAK = YES;
				CLANG_WARN_BLOCK_CAPTURE_AUTORELEASING = YES;
				CLANG_WARN_BOOL_CONVERSION = YES;
				CLANG_WARN_COMMA = YES;
				CLANG_WARN_CONSTANT_CONVERSION = YES;
				CLANG_WARN_DEPRECATED_OBJC_IMPLEMENTATIONS = YES;
				CLANG_WARN_DIRECT_OBJC_ISA_USAGE = YES_ERROR;
				CLANG_WARN_DOCUMENTATION_COMMENTS = YES;
				CLANG_WARN_EMPTY_BODY = YES;
				CLANG_WARN_ENUM_CONVERSION = YES;
				CLANG_WARN_INFINITE_RECURSION = YES;
				CLANG_WARN_INT_CONVERSION = YES;
				CLANG_WARN_NON_LITERAL_NULL_CONVERSION = YES;
				CLANG_WARN_OBJC_IMPLICIT_RETAIN_SELF = YES;
				CLANG_WARN_OBJC_LITERAL_CONVERSION = YES;
				CLANG_WARN_OBJC_ROOT_CLASS = YES_ERROR;
				CLANG_WARN_QUOTED_INCLUDE_IN_FRAMEWORK_HEADER = YES;
				CLANG_WARN_RANGE_LOOP_ANALYSIS = YES;
				CLANG_WARN_STRICT_PROTOTYPES = YES;
				CLANG_WARN_SUSPICIOUS_MOVE = YES;
				CLANG_WARN_UNGUARDED_AVAILABILITY = YES_AGGRESSIVE;
				CLANG_WARN_UNREACHABLE_CODE = YES;
				CLANG_WARN__DUPLICATE_METHOD_MATCH = YES;
				COPY_PHASE_STRIP = NO;
				DEBUG_INFORMATION_FORMAT = "dwarf-with-dsym";
				ENABLE_NS_ASSERTIONS = NO;
				ENABLE_STRICT_OBJC_MSGSEND = YES;
				GCC_C_LANGUAGE_STANDARD = gnu11;
				GCC_NO_COMMON_BLOCKS = YES;
				GCC_WARN_64_TO_32_BIT_CONVERSION = YES;
				GCC_WARN_ABOUT_RETURN_TYPE = YES_ERROR;
				GCC_WARN_UNDECLARED_SELECTOR = YES;
				GCC_WARN_UNINITIALIZED_AUTOS = YES_AGGRESSIVE;
				GCC_WARN_UNUSED_FUNCTION = YES;
				GCC_WARN_UNUSED_VARIABLE = YES;
				IPHONEOS_DEPLOYMENT_TARGET = 16.4;
				MTL_ENABLE_DEBUG_INFO = NO;
				MTL_FAST_MATH = YES;
				SDKROOT = iphoneos;
				SWIFT_COMPILATION_MODE = wholemodule;
				SWIFT_OPTIMIZATION_LEVEL = "-O";
				VALIDATE_PRODUCT = YES;
			};
			name = Release;
		};
		A04D799B2A647E8700D9C447 /* Debug */ = {
			isa = XCBuildConfiguration;
			buildSettings = {
				ASSETCATALOG_COMPILER_APPICON_NAME = AppIcon;
				ASSETCATALOG_COMPILER_GLOBAL_ACCENT_COLOR_NAME = AccentColor;
				CODE_SIGN_STYLE = Automatic;
				CURRENT_PROJECT_VERSION = 1;
				DEVELOPMENT_ASSET_PATHS = "\"challenge 12/Preview Content\"";
				ENABLE_PREVIEWS = YES;
				GENERATE_INFOPLIST_FILE = YES;
				INFOPLIST_KEY_UIApplicationSceneManifest_Generation = YES;
				INFOPLIST_KEY_UIApplicationSupportsIndirectInputEvents = YES;
				INFOPLIST_KEY_UILaunchScreen_Generation = YES;
				INFOPLIST_KEY_UISupportedInterfaceOrientations_iPad = "UIInterfaceOrientationPortrait UIInterfaceOrientationPortraitUpsideDown UIInterfaceOrientationLandscapeLeft UIInterfaceOrientationLandscapeRight";
				INFOPLIST_KEY_UISupportedInterfaceOrientations_iPhone = "UIInterfaceOrientationPortrait UIInterfaceOrientationLandscapeLeft UIInterfaceOrientationLandscapeRight";
				LD_RUNPATH_SEARCH_PATHS = (
					"$(inherited)",
					"@executable_path/Frameworks",
				);
				MARKETING_VERSION = 1.0;
				PRODUCT_BUNDLE_IDENTIFIER = "com.surbhigoel.challenge-12";
				PRODUCT_NAME = "$(TARGET_NAME)";
				SWIFT_EMIT_LOC_STRINGS = YES;
				SWIFT_VERSION = 5.0;
				TARGETED_DEVICE_FAMILY = "1,2";
			};
			name = Debug;
		};
		A04D799C2A647E8700D9C447 /* Release */ = {
			isa = XCBuildConfiguration;
			buildSettings = {
				ASSETCATALOG_COMPILER_APPICON_NAME = AppIcon;
				ASSETCATALOG_COMPILER_GLOBAL_ACCENT_COLOR_NAME = AccentColor;
				CODE_SIGN_STYLE = Automatic;
				CURRENT_PROJECT_VERSION = 1;
				DEVELOPMENT_ASSET_PATHS = "\"challenge 12/Preview Content\"";
				ENABLE_PREVIEWS = YES;
				GENERATE_INFOPLIST_FILE = YES;
				INFOPLIST_KEY_UIApplicationSceneManifest_Generation = YES;
				INFOPLIST_KEY_UIApplicationSupportsIndirectInputEvents = YES;
				INFOPLIST_KEY_UILaunchScreen_Generation = YES;
				INFOPLIST_KEY_UISupportedInterfaceOrientations_iPad = "UIInterfaceOrientationPortrait UIInterfaceOrientationPortraitUpsideDown UIInterfaceOrientationLandscapeLeft UIInterfaceOrientationLandscapeRight";
				INFOPLIST_KEY_UISupportedInterfaceOrientations_iPhone = "UIInterfaceOrientationPortrait UIInterfaceOrientationLandscapeLeft UIInterfaceOrientationLandscapeRight";
				LD_RUNPATH_SEARCH_PATHS = (
					"$(inherited)",
					"@executable_path/Frameworks",
				);
				MARKETING_VERSION = 1.0;
				PRODUCT_BUNDLE_IDENTIFIER = "com.surbhigoel.challenge-12";
				PRODUCT_NAME = "$(TARGET_NAME)";
				SWIFT_EMIT_LOC_STRINGS = YES;
				SWIFT_VERSION = 5.0;
				TARGETED_DEVICE_FAMILY = "1,2";
			};
			name = Release;
		};
/* End XCBuildConfiguration section */

/* Begin XCConfigurationList section */
		A04D79872A647E8400D9C447 /* Build configuration list for PBXProject "challenge 12" */ = {
			isa = XCConfigurationList;
			buildConfigurations = (
				A04D79982A647E8700D9C447 /* Debug */,
				A04D79992A647E8700D9C447 /* Release */,
			);
			defaultConfigurationIsVisible = 0;
			defaultConfigurationName = Release;
		};
		A04D799A2A647E8700D9C447 /* Build configuration list for PBXNativeTarget "challenge 12" */ = {
			isa = XCConfigurationList;
			buildConfigurations = (
				A04D799B2A647E8700D9C447 /* Debug */,
				A04D799C2A647E8700D9C447 /* Release */,
			);
			defaultConfigurationIsVisible = 0;
			defaultConfigurationName = Release;
		};
/* End XCConfigurationList section */
	};
	rootObject = A04D79842A647E8400D9C447 /* Project object */;
}
